
Microsoft Visual Studio Solution File, Format Version 12.00
# Visual Studio Version 16
VisualStudioVersion = 16.0.31729.503
MinimumVisualStudioVersion = 10.0.40219.1
Project("{FAE04EC0-301F-11D3-BF4B-00C04F79EFBC}") = "Picture Security System", "Picture Security System\Picture Security System.csproj", "{5A4E4450-863A-41A3-A19E-B500FA025D98}"
EndProject
Global
	GlobalSection(SolutionConfigurationPlatforms) = preSolution
		Debug|Any CPU = Debug|Any CPU
		Release|Any CPU = Release|Any CPU
	EndGlobalSection
	GlobalSection(ProjectConfigurationPlatforms) = postSolution
		{5A4E4450-863A-41A3-A19E-B500FA025D98}.Debug|Any CPU.ActiveCfg = Debug|Any CPU
		{5A4E4450-863A-41A3-A19E-B500FA025D98}.Debug|Any CPU.Build.0 = Debug|Any CPU
		{5A4E4450-863A-41A3-A19E-B500FA025D98}.Release|Any CPU.ActiveCfg = Release|Any CPU
		{5A4E4450-863A-41A3-A19E-B500FA025D98}.Release|Any CPU.Build.0 = Release|Any CPU
	EndGlobalSection
	GlobalSection(SolutionProperties) = preSolution
		HideSolutionNode = FALSE
	EndGlobalSection
	GlobalSection(ExtensibilityGlobals) = postSolution
		SolutionGuid = {0F080979-600D-46AD-BE79-CB36D9052B2A}
	EndGlobalSection
EndGlobal
